
Microsoft Visual Studio Solution File, Format Version 12.00
# Visual Studio Version 17
VisualStudioVersion = 17.7.34202.233
MinimumVisualStudioVersion = 10.0.40219.1
Project("{FAE04EC0-301F-11D3-BF4B-00C04F79EFBC}") = "Vocab_LearningApp", "Vocab_LearningApp.csproj", "{20EF0471-A706-497F-84EF-26C1259D3B2D}"
EndProject
Global
	GlobalSection(SolutionConfigurationPlatforms) = preSolution
		Debug|Any CPU = Debug|Any CPU
		Release|Any CPU = Release|Any CPU
	EndGlobalSection
	GlobalSection(ProjectConfigurationPlatforms) = postSolution
		{20EF0471-A706-497F-84EF-26C1259D3B2D}.Debug|Any CPU.ActiveCfg = Debug|Any CPU
		{20EF0471-A706-497F-84EF-26C1259D3B2D}.Debug|Any CPU.Build.0 = Debug|Any CPU
		{20EF0471-A706-497F-84EF-26C1259D3B2D}.Release|Any CPU.ActiveCfg = Release|Any CPU
		{20EF0471-A706-497F-84EF-26C1259D3B2D}.Release|Any CPU.Build.0 = Release|Any CPU
	EndGlobalSection
	GlobalSection(SolutionProperties) = preSolution
		HideSolutionNode = FALSE
	EndGlobalSection
	GlobalSection(ExtensibilityGlobals) = postSolution
		SolutionGuid = {943AEF1B-2021-4E46-9BD8-6919D61B2C1A}
	EndGlobalSection
EndGlobal
